
Microsoft Visual Studio Solution File, Format Version 12.00
# Visual Studio Version 17
VisualStudioVersion = 17.11.35222.181
MinimumVisualStudioVersion = 10.0.40219.1
Project("{9A19103F-16F7-4668-BE54-9A1E7A4F7556}") = "functions", "functions\functions.csproj", "{0701627D-DB00-4263-A978-0602503ABE25}"
EndProject
Project("{9A19103F-16F7-4668-BE54-9A1E7A4F7556}") = "ArgumentsAndParameters", "ArgumentsAndParameters\ArgumentsAndParameters.csproj", "{CEC0EB92-6B74-4219-80A0-D0ACBF763C64}"
EndProject
Project("{9A19103F-16F7-4668-BE54-9A1E7A4F7556}") = "Calculator", "Calculator\Calculator.csproj", "{090F68FB-689C-40EE-A917-82E128670308}"
EndProject
Project("{9A19103F-16F7-4668-BE54-9A1E7A4F7556}") = "DiscountCalculator", "DiscountCalculator\DiscountCalculator.csproj", "{76EAC75E-63F0-40C1-8798-840376B8D8F0}"
EndProject
Project("{FAE04EC0-301F-11D3-BF4B-00C04F79EFBC}") = "Degrees", "Degrees\Degrees.csproj", "{1383314B-570F-4B35-8456-6EE6EDDF3766}"
EndProject
Global
	GlobalSection(SolutionConfigurationPlatforms) = preSolution
		Debug|Any CPU = Debug|Any CPU
		Release|Any CPU = Release|Any CPU
	EndGlobalSection
	GlobalSection(ProjectConfigurationPlatforms) = postSolution
		{0701627D-DB00-4263-A978-0602503ABE25}.Debug|Any CPU.ActiveCfg = Debug|Any CPU
		{0701627D-DB00-4263-A978-0602503ABE25}.Debug|Any CPU.Build.0 = Debug|Any CPU
		{0701627D-DB00-4263-A978-0602503ABE25}.Release|Any CPU.ActiveCfg = Release|Any CPU
		{0701627D-DB00-4263-A978-0602503ABE25}.Release|Any CPU.Build.0 = Release|Any CPU
		{CEC0EB92-6B74-4219-80A0-D0ACBF763C64}.Debug|Any CPU.ActiveCfg = Debug|Any CPU
		{CEC0EB92-6B74-4219-80A0-D0ACBF763C64}.Debug|Any CPU.Build.0 = Debug|Any CPU
		{CEC0EB92-6B74-4219-80A0-D0ACBF763C64}.Release|Any CPU.ActiveCfg = Release|Any CPU
		{CEC0EB92-6B74-4219-80A0-D0ACBF763C64}.Release|Any CPU.Build.0 = Release|Any CPU
		{090F68FB-689C-40EE-A917-82E128670308}.Debug|Any CPU.ActiveCfg = Debug|Any CPU
		{090F68FB-689C-40EE-A917-82E128670308}.Debug|Any CPU.Build.0 = Debug|Any CPU
		{090F68FB-689C-40EE-A917-82E128670308}.Release|Any CPU.ActiveCfg = Release|Any CPU
		{090F68FB-689C-40EE-A917-82E128670308}.Release|Any CPU.Build.0 = Release|Any CPU
		{76EAC75E-63F0-40C1-8798-840376B8D8F0}.Debug|Any CPU.ActiveCfg = Debug|Any CPU
		{76EAC75E-63F0-40C1-8798-840376B8D8F0}.Debug|Any CPU.Build.0 = Debug|Any CPU
		{76EAC75E-63F0-40C1-8798-840376B8D8F0}.Release|Any CPU.ActiveCfg = Release|Any CPU
		{76EAC75E-63F0-40C1-8798-840376B8D8F0}.Release|Any CPU.Build.0 = Release|Any CPU
		{1383314B-570F-4B35-8456-6EE6EDDF3766}.Debug|Any CPU.ActiveCfg = Debug|Any CPU
		{1383314B-570F-4B35-8456-6EE6EDDF3766}.Debug|Any CPU.Build.0 = Debug|Any CPU
		{1383314B-570F-4B35-8456-6EE6EDDF3766}.Release|Any CPU.ActiveCfg = Release|Any CPU
		{1383314B-570F-4B35-8456-6EE6EDDF3766}.Release|Any CPU.Build.0 = Release|Any CPU
	EndGlobalSection
	GlobalSection(SolutionProperties) = preSolution
		HideSolutionNode = FALSE
	EndGlobalSection
	GlobalSection(ExtensibilityGlobals) = postSolution
		SolutionGuid = {E8E94D78-C463-43E5-A70D-0CA7DC9576C9}
	EndGlobalSection
EndGlobal
